
Microsoft Visual Studio Solution File, Format Version 12.00
# Visual Studio 15
VisualStudioVersion = 15.0.27703.2035
MinimumVisualStudioVersion = 10.0.40219.1
Project("{FAE04EC0-301F-11D3-BF4B-00C04F79EFBC}") = "LocationNavigator", "LocationNavigator\LocationNavigator.csproj", "{1EBFE9BF-6218-4C8B-BBF3-D90807CF4557}"
EndProject
Global
	GlobalSection(SolutionConfigurationPlatforms) = preSolution
		Debug|Any CPU = Debug|Any CPU
		Release|Any CPU = Release|Any CPU
	EndGlobalSection
	GlobalSection(ProjectConfigurationPlatforms) = postSolution
		{1EBFE9BF-6218-4C8B-BBF3-D90807CF4557}.Debug|Any CPU.ActiveCfg = Debug|Any CPU
		{1EBFE9BF-6218-4C8B-BBF3-D90807CF4557}.Debug|Any CPU.Build.0 = Debug|Any CPU
		{1EBFE9BF-6218-4C8B-BBF3-D90807CF4557}.Release|Any CPU.ActiveCfg = Release|Any CPU
		{1EBFE9BF-6218-4C8B-BBF3-D90807CF4557}.Release|Any CPU.Build.0 = Release|Any CPU
	EndGlobalSection
	GlobalSection(SolutionProperties) = preSolution
		HideSolutionNode = FALSE
	EndGlobalSection
	GlobalSection(ExtensibilityGlobals) = postSolution
		SolutionGuid = {02B3DB29-3DA4-4D44-AE8A-BAAD2161D902}
	EndGlobalSection
EndGlobal
